
Microsoft Visual Studio Solution File, Format Version 12.00
# Visual Studio Version 17
VisualStudioVersion = 17.3.32819.101
MinimumVisualStudioVersion = 10.0.40219.1
Project("{FAE04EC0-301F-11D3-BF4B-00C04F79EFBC}") = "labb1", "labb1\labb1.csproj", "{236234F6-91FB-43B4-9B61-5F7717AC2227}"
EndProject
Global
	GlobalSection(SolutionConfigurationPlatforms) = preSolution
		Debug|Any CPU = Debug|Any CPU
		Release|Any CPU = Release|Any CPU
	EndGlobalSection
	GlobalSection(ProjectConfigurationPlatforms) = postSolution
		{236234F6-91FB-43B4-9B61-5F7717AC2227}.Debug|Any CPU.ActiveCfg = Debug|Any CPU
		{236234F6-91FB-43B4-9B61-5F7717AC2227}.Debug|Any CPU.Build.0 = Debug|Any CPU
		{236234F6-91FB-43B4-9B61-5F7717AC2227}.Release|Any CPU.ActiveCfg = Release|Any CPU
		{236234F6-91FB-43B4-9B61-5F7717AC2227}.Release|Any CPU.Build.0 = Release|Any CPU
	EndGlobalSection
	GlobalSection(SolutionProperties) = preSolution
		HideSolutionNode = FALSE
	EndGlobalSection
	GlobalSection(ExtensibilityGlobals) = postSolution
		SolutionGuid = {4D63D70A-AEBC-4AD5-85F6-B4C0EBDF705E}
	EndGlobalSection
EndGlobal
